
Microsoft Visual Studio Solution File, Format Version 12.00
# Visual Studio Version 16
VisualStudioVersion = 16.0.34031.81
MinimumVisualStudioVersion = 10.0.40219.1
Project("{2150E333-8FDC-42A3-9474-1A3956D46DE8}") = "Task0", "Task0", "{22C334CF-A0B9-4E6C-9C0A-E5ADED74437D}"
EndProject
Project("{FAE04EC0-301F-11D3-BF4B-00C04F79EFBC}") = "Tyuiu.EgovtsevMN.Sprint5.Task0.V26", "Tyuiu.EgovtsevMN.Sprint5.Task0.V26\Tyuiu.EgovtsevMN.Sprint5.Task0.V26.csproj", "{AD677D1A-AD20-423A-82F6-4313370E4EDC}"
EndProject
Project("{FAE04EC0-301F-11D3-BF4B-00C04F79EFBC}") = "Tyuiu.EgovtsevMN.Sprint5.Task0.V26.Lib", "Tyuiu.EgovtsevMN.Sprint5.Task0.V26.Lib\Tyuiu.EgovtsevMN.Sprint5.Task0.V26.Lib.csproj", "{1B85E14F-B810-4822-B966-E3B4038BC54B}"
EndProject
Project("{FAE04EC0-301F-11D3-BF4B-00C04F79EFBC}") = "Tyuiu.EgovtsevMN.Sprint5.Task0.V26.Test", "Tyuiu.EgovtsevMN.Sprint5.Task0.V26.Test\Tyuiu.EgovtsevMN.Sprint5.Task0.V26.Test.csproj", "{254E280C-C0D5-4B07-81F0-5F000D7052F0}"
EndProject
Project("{2150E333-8FDC-42A3-9474-1A3956D46DE8}") = "Task1", "Task1", "{7213C049-31F2-412E-9448-22EEBC298F73}"
EndProject
Project("{FAE04EC0-301F-11D3-BF4B-00C04F79EFBC}") = "Tyuiu.EgovtsevMN.Sprint5.Task1.V24", "Tyuiu.EgovtsevMN.Sprint5.Task1.V24\Tyuiu.EgovtsevMN.Sprint5.Task1.V24.csproj", "{B30208E4-FFC0-4997-A150-BAEB82897A54}"
EndProject
Project("{FAE04EC0-301F-11D3-BF4B-00C04F79EFBC}") = "Tyuiu.EgovtsevMN.Sprint5.Task1.V24.Lib", "Tyuiu.EgovtsevMN.Sprint5.Task1.V24.Lib\Tyuiu.EgovtsevMN.Sprint5.Task1.V24.Lib.csproj", "{F77A8B98-4CC9-40CA-9EB7-D3F58C11CBC4}"
EndProject
Project("{FAE04EC0-301F-11D3-BF4B-00C04F79EFBC}") = "Tyuiu.EgovtsevMN.Sprint5.Task1.V24.Test", "Tyuiu.EgovtsevMN.Sprint5.Task1.V24.Test\Tyuiu.EgovtsevMN.Sprint5.Task1.V24.Test.csproj", "{A58D904F-8445-4F5A-A5F3-8434743900B8}"
EndProject
Global
	GlobalSection(SolutionConfigurationPlatforms) = preSolution
		Debug|Any CPU = Debug|Any CPU
		Release|Any CPU = Release|Any CPU
	EndGlobalSection
	GlobalSection(ProjectConfigurationPlatforms) = postSolution
		{AD677D1A-AD20-423A-82F6-4313370E4EDC}.Debug|Any CPU.ActiveCfg = Debug|Any CPU
		{AD677D1A-AD20-423A-82F6-4313370E4EDC}.Debug|Any CPU.Build.0 = Debug|Any CPU
		{AD677D1A-AD20-423A-82F6-4313370E4EDC}.Release|Any CPU.ActiveCfg = Release|Any CPU
		{AD677D1A-AD20-423A-82F6-4313370E4EDC}.Release|Any CPU.Build.0 = Release|Any CPU
		{1B85E14F-B810-4822-B966-E3B4038BC54B}.Debug|Any CPU.ActiveCfg = Debug|Any CPU
		{1B85E14F-B810-4822-B966-E3B4038BC54B}.Debug|Any CPU.Build.0 = Debug|Any CPU
		{1B85E14F-B810-4822-B966-E3B4038BC54B}.Release|Any CPU.ActiveCfg = Release|Any CPU
		{1B85E14F-B810-4822-B966-E3B4038BC54B}.Release|Any CPU.Build.0 = Release|Any CPU
		{254E280C-C0D5-4B07-81F0-5F000D7052F0}.Debug|Any CPU.ActiveCfg = Debug|Any CPU
		{254E280C-C0D5-4B07-81F0-5F000D7052F0}.Debug|Any CPU.Build.0 = Debug|Any CPU
		{254E280C-C0D5-4B07-81F0-5F000D7052F0}.Release|Any CPU.ActiveCfg = Release|Any CPU
		{254E280C-C0D5-4B07-81F0-5F000D7052F0}.Release|Any CPU.Build.0 = Release|Any CPU
		{B30208E4-FFC0-4997-A150-BAEB82897A54}.Debug|Any CPU.ActiveCfg = Debug|Any CPU
		{B30208E4-FFC0-4997-A150-BAEB82897A54}.Debug|Any CPU.Build.0 = Debug|Any CPU
		{B30208E4-FFC0-4997-A150-BAEB82897A54}.Release|Any CPU.ActiveCfg = Release|Any CPU
		{B30208E4-FFC0-4997-A150-BAEB82897A54}.Release|Any CPU.Build.0 = Release|Any CPU
		{F77A8B98-4CC9-40CA-9EB7-D3F58C11CBC4}.Debug|Any CPU.ActiveCfg = Debug|Any CPU
		{F77A8B98-4CC9-40CA-9EB7-D3F58C11CBC4}.Debug|Any CPU.Build.0 = Debug|Any CPU
		{F77A8B98-4CC9-40CA-9EB7-D3F58C11CBC4}.Release|Any CPU.ActiveCfg = Release|Any CPU
		{F77A8B98-4CC9-40CA-9EB7-D3F58C11CBC4}.Release|Any CPU.Build.0 = Release|Any CPU
		{A58D904F-8445-4F5A-A5F3-8434743900B8}.Debug|Any CPU.ActiveCfg = Debug|Any CPU
		{A58D904F-8445-4F5A-A5F3-8434743900B8}.Debug|Any CPU.Build.0 = Debug|Any CPU
		{A58D904F-8445-4F5A-A5F3-8434743900B8}.Release|Any CPU.ActiveCfg = Release|Any CPU
		{A58D904F-8445-4F5A-A5F3-8434743900B8}.Release|Any CPU.Build.0 = Release|Any CPU
	EndGlobalSection
	GlobalSection(SolutionProperties) = preSolution
		HideSolutionNode = FALSE
	EndGlobalSection
	GlobalSection(NestedProjects) = preSolution
		{AD677D1A-AD20-423A-82F6-4313370E4EDC} = {22C334CF-A0B9-4E6C-9C0A-E5ADED74437D}
		{1B85E14F-B810-4822-B966-E3B4038BC54B} = {22C334CF-A0B9-4E6C-9C0A-E5ADED74437D}
		{254E280C-C0D5-4B07-81F0-5F000D7052F0} = {22C334CF-A0B9-4E6C-9C0A-E5ADED74437D}
		{B30208E4-FFC0-4997-A150-BAEB82897A54} = {7213C049-31F2-412E-9448-22EEBC298F73}
		{F77A8B98-4CC9-40CA-9EB7-D3F58C11CBC4} = {7213C049-31F2-412E-9448-22EEBC298F73}
		{A58D904F-8445-4F5A-A5F3-8434743900B8} = {7213C049-31F2-412E-9448-22EEBC298F73}
	EndGlobalSection
	GlobalSection(ExtensibilityGlobals) = postSolution
		SolutionGuid = {6D064927-1151-4289-BD88-1086481A916F}
	EndGlobalSection
EndGlobal
