
Microsoft Visual Studio Solution File, Format Version 12.00
# Visual Studio Version 16
VisualStudioVersion = 16.0.34031.81
MinimumVisualStudioVersion = 10.0.40219.1
Project("{2150E333-8FDC-42A3-9474-1A3956D46DE8}") = "Task0", "Task0", "{22C334CF-A0B9-4E6C-9C0A-E5ADED74437D}"
EndProject
Project("{FAE04EC0-301F-11D3-BF4B-00C04F79EFBC}") = "Tyuiu.EgovtsevMN.Sprint5.Task0.V26", "Tyuiu.EgovtsevMN.Sprint5.Task0.V26\Tyuiu.EgovtsevMN.Sprint5.Task0.V26.csproj", "{AD677D1A-AD20-423A-82F6-4313370E4EDC}"
EndProject
Project("{FAE04EC0-301F-11D3-BF4B-00C04F79EFBC}") = "Tyuiu.EgovtsevMN.Sprint5.Task0.V26.Lib", "Tyuiu.EgovtsevMN.Sprint5.Task0.V26.Lib\Tyuiu.EgovtsevMN.Sprint5.Task0.V26.Lib.csproj", "{1B85E14F-B810-4822-B966-E3B4038BC54B}"
EndProject
Project("{FAE04EC0-301F-11D3-BF4B-00C04F79EFBC}") = "Tyuiu.EgovtsevMN.Sprint5.Task0.V26.Test", "Tyuiu.EgovtsevMN.Sprint5.Task0.V26.Test\Tyuiu.EgovtsevMN.Sprint5.Task0.V26.Test.csproj", "{254E280C-C0D5-4B07-81F0-5F000D7052F0}"
EndProject
Project("{2150E333-8FDC-42A3-9474-1A3956D46DE8}") = "Task1", "Task1", "{7213C049-31F2-412E-9448-22EEBC298F73}"
EndProject
Project("{FAE04EC0-301F-11D3-BF4B-00C04F79EFBC}") = "Tyuiu.EgovtsevMN.Sprint5.Task1.V24", "Tyuiu.EgovtsevMN.Sprint5.Task1.V24\Tyuiu.EgovtsevMN.Sprint5.Task1.V24.csproj", "{B30208E4-FFC0-4997-A150-BAEB82897A54}"
EndProject
Project("{FAE04EC0-301F-11D3-BF4B-00C04F79EFBC}") = "Tyuiu.EgovtsevMN.Sprint5.Task1.V24.Lib", "Tyuiu.EgovtsevMN.Sprint5.Task1.V24.Lib\Tyuiu.EgovtsevMN.Sprint5.Task1.V24.Lib.csproj", "{F77A8B98-4CC9-40CA-9EB7-D3F58C11CBC4}"
EndProject
Project("{FAE04EC0-301F-11D3-BF4B-00C04F79EFBC}") = "Tyuiu.EgovtsevMN.Sprint5.Task1.V24.Test", "Tyuiu.EgovtsevMN.Sprint5.Task1.V24.Test\Tyuiu.EgovtsevMN.Sprint5.Task1.V24.Test.csproj", "{A58D904F-8445-4F5A-A5F3-8434743900B8}"
EndProject
Project("{2150E333-8FDC-42A3-9474-1A3956D46DE8}") = "Task2", "Task2", "{AFDFDDEB-570E-4A5B-B4D3-12B19E23C0B1}"
EndProject
Project("{FAE04EC0-301F-11D3-BF4B-00C04F79EFBC}") = "Tyuiu.EgovtsevMN.Sprint5.Task2.V26", "Tyuiu.EgovtsevMN.Sprint5.Task2.V26\Tyuiu.EgovtsevMN.Sprint5.Task2.V26.csproj", "{5FFB1B1E-C7B1-4B91-A975-DEBE9580DBCE}"
EndProject
Project("{FAE04EC0-301F-11D3-BF4B-00C04F79EFBC}") = "Tyuiu.EgovtsevMN.Sprint5.Task2.V26.Lib", "Tyuiu.EgovtsevMN.Sprint5.Task2.V26.Lib\Tyuiu.EgovtsevMN.Sprint5.Task2.V26.Lib.csproj", "{96A1D410-C8E2-4E5C-A091-EED0614E9B04}"
EndProject
Project("{FAE04EC0-301F-11D3-BF4B-00C04F79EFBC}") = "Tyuiu.EgovtsevMN.Sprint5.Task2.V26.Test", "Tyuiu.EgovtsevMN.Sprint5.Task2.V26.Test\Tyuiu.EgovtsevMN.Sprint5.Task2.V26.Test.csproj", "{FF3491BF-2972-4CFC-BF26-EE73E1BA59C6}"
EndProject
Project("{2150E333-8FDC-42A3-9474-1A3956D46DE8}") = "Task3", "Task3", "{DA474B97-C48C-477C-8718-B59135048796}"
EndProject
Project("{FAE04EC0-301F-11D3-BF4B-00C04F79EFBC}") = "Tyuiu.EgovtsevMN.Sprint5.Task3.V6", "Tyuiu.EgovtsevMN.Sprint5.Task3.V6\Tyuiu.EgovtsevMN.Sprint5.Task3.V6.csproj", "{04B10674-1C2C-41C5-B6E7-1E1E52257F60}"
EndProject
Project("{FAE04EC0-301F-11D3-BF4B-00C04F79EFBC}") = "Tyuiu.EgovtsevMN.Sprint5.Task3.V6.Lib", "Tyuiu.EgovtsevMN.Sprint5.Task3.V6.Lib\Tyuiu.EgovtsevMN.Sprint5.Task3.V6.Lib.csproj", "{ED738AE9-7DC1-4598-A60A-8FBFDD5AE404}"
EndProject
Project("{FAE04EC0-301F-11D3-BF4B-00C04F79EFBC}") = "Tyuiu.EgovtsevMN.Sprint5.Task3.V6.Test", "Tyuiu.EgovtsevMN.Sprint5.Task3.V6.Test\Tyuiu.EgovtsevMN.Sprint5.Task3.V6.Test.csproj", "{A8EC306B-9229-4B8F-88C9-74102B5CFB5C}"
EndProject
Project("{2150E333-8FDC-42A3-9474-1A3956D46DE8}") = "Task4", "Task4", "{F704F6DF-71A8-4616-9FA3-F9768497093A}"
EndProject
Project("{FAE04EC0-301F-11D3-BF4B-00C04F79EFBC}") = "Tyuiu.EgovtsevMN.Sprint5.Task4.V23", "Tyuiu.EgovtsevMN.Sprint5.Task4.V23\Tyuiu.EgovtsevMN.Sprint5.Task4.V23.csproj", "{61067DEE-9294-45D9-B4F0-E322A7B5F5D1}"
EndProject
Project("{FAE04EC0-301F-11D3-BF4B-00C04F79EFBC}") = "Tyuiu.EgovtsevMN.Sprint5.Task4.V23.Lib", "Tyuiu.EgovtsevMN.Sprint5.Task4.V23.Lib\Tyuiu.EgovtsevMN.Sprint5.Task4.V23.Lib.csproj", "{C0C46A48-1F38-4645-85F8-6E3DDF3828C5}"
EndProject
Project("{FAE04EC0-301F-11D3-BF4B-00C04F79EFBC}") = "Tyuiu.EgovtsevMN.Sprint5.Task4.V23.Test", "Tyuiu.EgovtsevMN.Sprint5.Task4.V23.Test\Tyuiu.EgovtsevMN.Sprint5.Task4.V23.Test.csproj", "{0252FC4C-F623-4903-ACFF-318FF1D4C2C5}"
EndProject
Project("{2150E333-8FDC-42A3-9474-1A3956D46DE8}") = "Task5", "Task5", "{AF54AD8B-79F0-4B40-8792-789703B980EA}"
EndProject
Project("{FAE04EC0-301F-11D3-BF4B-00C04F79EFBC}") = "Tyuiu.EgovtsevMN.Sprint5.Task5.V20", "Tyuiu.EgovtsevMN.Sprint5.Task5.V20\Tyuiu.EgovtsevMN.Sprint5.Task5.V20.csproj", "{45073053-5662-402C-A349-89E00718785A}"
EndProject
Project("{FAE04EC0-301F-11D3-BF4B-00C04F79EFBC}") = "Tyuiu.EgovtsevMN.Sprint5.Task5.V20.Lib", "Tyuiu.EgovtsevMN.Sprint5.Task5.V20.Lib\Tyuiu.EgovtsevMN.Sprint5.Task5.V20.Lib.csproj", "{687FF03B-6CE2-44D2-9D27-FB380FD3C9B7}"
EndProject
Project("{FAE04EC0-301F-11D3-BF4B-00C04F79EFBC}") = "Tyuiu.EgovtsevMN.Sprint5.Task5.V20.Test", "Tyuiu.EgovtsevMN.Sprint5.Task5.V20.Test\Tyuiu.EgovtsevMN.Sprint5.Task5.V20.Test.csproj", "{07373A1F-569C-458A-A4FF-1CFD5D085C42}"
EndProject
Project("{2150E333-8FDC-42A3-9474-1A3956D46DE8}") = "Task6", "Task6", "{CC3338ED-12B9-451A-A921-8D0F2F58C051}"
EndProject
Project("{FAE04EC0-301F-11D3-BF4B-00C04F79EFBC}") = "Tyuiu.EgovtsevMN.Sprint5.Task6.V13", "Tyuiu.EgovtsevMN.Sprint5.Task6.V13\Tyuiu.EgovtsevMN.Sprint5.Task6.V13.csproj", "{72C3DE60-AC61-46DE-AEC1-A1ED0742B2BB}"
EndProject
Project("{FAE04EC0-301F-11D3-BF4B-00C04F79EFBC}") = "Tyuiu.EgovtsevMN.Sprint5.Task6.V13.Lib", "Tyuiu.EgovtsevMN.Sprint5.Task6.V13.Lib\Tyuiu.EgovtsevMN.Sprint5.Task6.V13.Lib.csproj", "{EC4CCE9C-E5B3-4E6A-B2A9-40B10332CEB8}"
EndProject
Project("{FAE04EC0-301F-11D3-BF4B-00C04F79EFBC}") = "Tyuiu.EgovtsevMN.Sprint5.Task6.V13.Test", "Tyuiu.EgovtsevMN.Sprint5.Task6.V13.Test\Tyuiu.EgovtsevMN.Sprint5.Task6.V13.Test.csproj", "{33933CAC-0F3C-45F3-9482-F525FFF086BF}"
EndProject
Project("{2150E333-8FDC-42A3-9474-1A3956D46DE8}") = "Task7", "Task7", "{431C03F0-5A80-492A-BFC5-108C0BE19675}"
EndProject
Project("{FAE04EC0-301F-11D3-BF4B-00C04F79EFBC}") = "Tyuiu.EgovtsevMN.Sprint5.Task7.V11", "Tyuiu.EgovtsevMN.Sprint5.Task7.V11\Tyuiu.EgovtsevMN.Sprint5.Task7.V11.csproj", "{78C546CB-004F-4702-968F-B40E30EDCBDE}"
EndProject
Project("{FAE04EC0-301F-11D3-BF4B-00C04F79EFBC}") = "Tyuiu.EgovtsevMN.Sprint5.Task7.V11.Lib", "Tyuiu.EgovtsevMN.Sprint5.Task7.V11.Lib\Tyuiu.EgovtsevMN.Sprint5.Task7.V11.Lib.csproj", "{F286815C-53F2-4341-B3CB-EDA7FF039587}"
EndProject
Project("{FAE04EC0-301F-11D3-BF4B-00C04F79EFBC}") = "Tyuiu.EgovtsevMN.Sprint5.Task7.V11.Test", "Tyuiu.EgovtsevMN.Sprint5.Task7.V11.Test\Tyuiu.EgovtsevMN.Sprint5.Task7.V11.Test.csproj", "{65102432-7490-47F4-965F-E37C51EF79C9}"
EndProject
Global
	GlobalSection(SolutionConfigurationPlatforms) = preSolution
		Debug|Any CPU = Debug|Any CPU
		Release|Any CPU = Release|Any CPU
	EndGlobalSection
	GlobalSection(ProjectConfigurationPlatforms) = postSolution
		{AD677D1A-AD20-423A-82F6-4313370E4EDC}.Debug|Any CPU.ActiveCfg = Debug|Any CPU
		{AD677D1A-AD20-423A-82F6-4313370E4EDC}.Debug|Any CPU.Build.0 = Debug|Any CPU
		{AD677D1A-AD20-423A-82F6-4313370E4EDC}.Release|Any CPU.ActiveCfg = Release|Any CPU
		{AD677D1A-AD20-423A-82F6-4313370E4EDC}.Release|Any CPU.Build.0 = Release|Any CPU
		{1B85E14F-B810-4822-B966-E3B4038BC54B}.Debug|Any CPU.ActiveCfg = Debug|Any CPU
		{1B85E14F-B810-4822-B966-E3B4038BC54B}.Debug|Any CPU.Build.0 = Debug|Any CPU
		{1B85E14F-B810-4822-B966-E3B4038BC54B}.Release|Any CPU.ActiveCfg = Release|Any CPU
		{1B85E14F-B810-4822-B966-E3B4038BC54B}.Release|Any CPU.Build.0 = Release|Any CPU
		{254E280C-C0D5-4B07-81F0-5F000D7052F0}.Debug|Any CPU.ActiveCfg = Debug|Any CPU
		{254E280C-C0D5-4B07-81F0-5F000D7052F0}.Debug|Any CPU.Build.0 = Debug|Any CPU
		{254E280C-C0D5-4B07-81F0-5F000D7052F0}.Release|Any CPU.ActiveCfg = Release|Any CPU
		{254E280C-C0D5-4B07-81F0-5F000D7052F0}.Release|Any CPU.Build.0 = Release|Any CPU
		{B30208E4-FFC0-4997-A150-BAEB82897A54}.Debug|Any CPU.ActiveCfg = Debug|Any CPU
		{B30208E4-FFC0-4997-A150-BAEB82897A54}.Debug|Any CPU.Build.0 = Debug|Any CPU
		{B30208E4-FFC0-4997-A150-BAEB82897A54}.Release|Any CPU.ActiveCfg = Release|Any CPU
		{B30208E4-FFC0-4997-A150-BAEB82897A54}.Release|Any CPU.Build.0 = Release|Any CPU
		{F77A8B98-4CC9-40CA-9EB7-D3F58C11CBC4}.Debug|Any CPU.ActiveCfg = Debug|Any CPU
		{F77A8B98-4CC9-40CA-9EB7-D3F58C11CBC4}.Debug|Any CPU.Build.0 = Debug|Any CPU
		{F77A8B98-4CC9-40CA-9EB7-D3F58C11CBC4}.Release|Any CPU.ActiveCfg = Release|Any CPU
		{F77A8B98-4CC9-40CA-9EB7-D3F58C11CBC4}.Release|Any CPU.Build.0 = Release|Any CPU
		{A58D904F-8445-4F5A-A5F3-8434743900B8}.Debug|Any CPU.ActiveCfg = Debug|Any CPU
		{A58D904F-8445-4F5A-A5F3-8434743900B8}.Debug|Any CPU.Build.0 = Debug|Any CPU
		{A58D904F-8445-4F5A-A5F3-8434743900B8}.Release|Any CPU.ActiveCfg = Release|Any CPU
		{A58D904F-8445-4F5A-A5F3-8434743900B8}.Release|Any CPU.Build.0 = Release|Any CPU
		{5FFB1B1E-C7B1-4B91-A975-DEBE9580DBCE}.Debug|Any CPU.ActiveCfg = Debug|Any CPU
		{5FFB1B1E-C7B1-4B91-A975-DEBE9580DBCE}.Debug|Any CPU.Build.0 = Debug|Any CPU
		{5FFB1B1E-C7B1-4B91-A975-DEBE9580DBCE}.Release|Any CPU.ActiveCfg = Release|Any CPU
		{5FFB1B1E-C7B1-4B91-A975-DEBE9580DBCE}.Release|Any CPU.Build.0 = Release|Any CPU
		{96A1D410-C8E2-4E5C-A091-EED0614E9B04}.Debug|Any CPU.ActiveCfg = Debug|Any CPU
		{96A1D410-C8E2-4E5C-A091-EED0614E9B04}.Debug|Any CPU.Build.0 = Debug|Any CPU
		{96A1D410-C8E2-4E5C-A091-EED0614E9B04}.Release|Any CPU.ActiveCfg = Release|Any CPU
		{96A1D410-C8E2-4E5C-A091-EED0614E9B04}.Release|Any CPU.Build.0 = Release|Any CPU
		{FF3491BF-2972-4CFC-BF26-EE73E1BA59C6}.Debug|Any CPU.ActiveCfg = Debug|Any CPU
		{FF3491BF-2972-4CFC-BF26-EE73E1BA59C6}.Debug|Any CPU.Build.0 = Debug|Any CPU
		{FF3491BF-2972-4CFC-BF26-EE73E1BA59C6}.Release|Any CPU.ActiveCfg = Release|Any CPU
		{FF3491BF-2972-4CFC-BF26-EE73E1BA59C6}.Release|Any CPU.Build.0 = Release|Any CPU
		{04B10674-1C2C-41C5-B6E7-1E1E52257F60}.Debug|Any CPU.ActiveCfg = Debug|Any CPU
		{04B10674-1C2C-41C5-B6E7-1E1E52257F60}.Debug|Any CPU.Build.0 = Debug|Any CPU
		{04B10674-1C2C-41C5-B6E7-1E1E52257F60}.Release|Any CPU.ActiveCfg = Release|Any CPU
		{04B10674-1C2C-41C5-B6E7-1E1E52257F60}.Release|Any CPU.Build.0 = Release|Any CPU
		{ED738AE9-7DC1-4598-A60A-8FBFDD5AE404}.Debug|Any CPU.ActiveCfg = Debug|Any CPU
		{ED738AE9-7DC1-4598-A60A-8FBFDD5AE404}.Debug|Any CPU.Build.0 = Debug|Any CPU
		{ED738AE9-7DC1-4598-A60A-8FBFDD5AE404}.Release|Any CPU.ActiveCfg = Release|Any CPU
		{ED738AE9-7DC1-4598-A60A-8FBFDD5AE404}.Release|Any CPU.Build.0 = Release|Any CPU
		{A8EC306B-9229-4B8F-88C9-74102B5CFB5C}.Debug|Any CPU.ActiveCfg = Debug|Any CPU
		{A8EC306B-9229-4B8F-88C9-74102B5CFB5C}.Debug|Any CPU.Build.0 = Debug|Any CPU
		{A8EC306B-9229-4B8F-88C9-74102B5CFB5C}.Release|Any CPU.ActiveCfg = Release|Any CPU
		{A8EC306B-9229-4B8F-88C9-74102B5CFB5C}.Release|Any CPU.Build.0 = Release|Any CPU
		{61067DEE-9294-45D9-B4F0-E322A7B5F5D1}.Debug|Any CPU.ActiveCfg = Debug|Any CPU
		{61067DEE-9294-45D9-B4F0-E322A7B5F5D1}.Debug|Any CPU.Build.0 = Debug|Any CPU
		{61067DEE-9294-45D9-B4F0-E322A7B5F5D1}.Release|Any CPU.ActiveCfg = Release|Any CPU
		{61067DEE-9294-45D9-B4F0-E322A7B5F5D1}.Release|Any CPU.Build.0 = Release|Any CPU
		{C0C46A48-1F38-4645-85F8-6E3DDF3828C5}.Debug|Any CPU.ActiveCfg = Debug|Any CPU
		{C0C46A48-1F38-4645-85F8-6E3DDF3828C5}.Debug|Any CPU.Build.0 = Debug|Any CPU
		{C0C46A48-1F38-4645-85F8-6E3DDF3828C5}.Release|Any CPU.ActiveCfg = Release|Any CPU
		{C0C46A48-1F38-4645-85F8-6E3DDF3828C5}.Release|Any CPU.Build.0 = Release|Any CPU
		{0252FC4C-F623-4903-ACFF-318FF1D4C2C5}.Debug|Any CPU.ActiveCfg = Debug|Any CPU
		{0252FC4C-F623-4903-ACFF-318FF1D4C2C5}.Debug|Any CPU.Build.0 = Debug|Any CPU
		{0252FC4C-F623-4903-ACFF-318FF1D4C2C5}.Release|Any CPU.ActiveCfg = Release|Any CPU
		{0252FC4C-F623-4903-ACFF-318FF1D4C2C5}.Release|Any CPU.Build.0 = Release|Any CPU
		{45073053-5662-402C-A349-89E00718785A}.Debug|Any CPU.ActiveCfg = Debug|Any CPU
		{45073053-5662-402C-A349-89E00718785A}.Debug|Any CPU.Build.0 = Debug|Any CPU
		{45073053-5662-402C-A349-89E00718785A}.Release|Any CPU.ActiveCfg = Release|Any CPU
		{45073053-5662-402C-A349-89E00718785A}.Release|Any CPU.Build.0 = Release|Any CPU
		{687FF03B-6CE2-44D2-9D27-FB380FD3C9B7}.Debug|Any CPU.ActiveCfg = Debug|Any CPU
		{687FF03B-6CE2-44D2-9D27-FB380FD3C9B7}.Debug|Any CPU.Build.0 = Debug|Any CPU
		{687FF03B-6CE2-44D2-9D27-FB380FD3C9B7}.Release|Any CPU.ActiveCfg = Release|Any CPU
		{687FF03B-6CE2-44D2-9D27-FB380FD3C9B7}.Release|Any CPU.Build.0 = Release|Any CPU
		{07373A1F-569C-458A-A4FF-1CFD5D085C42}.Debug|Any CPU.ActiveCfg = Debug|Any CPU
		{07373A1F-569C-458A-A4FF-1CFD5D085C42}.Debug|Any CPU.Build.0 = Debug|Any CPU
		{07373A1F-569C-458A-A4FF-1CFD5D085C42}.Release|Any CPU.ActiveCfg = Release|Any CPU
		{07373A1F-569C-458A-A4FF-1CFD5D085C42}.Release|Any CPU.Build.0 = Release|Any CPU
		{72C3DE60-AC61-46DE-AEC1-A1ED0742B2BB}.Debug|Any CPU.ActiveCfg = Debug|Any CPU
		{72C3DE60-AC61-46DE-AEC1-A1ED0742B2BB}.Debug|Any CPU.Build.0 = Debug|Any CPU
		{72C3DE60-AC61-46DE-AEC1-A1ED0742B2BB}.Release|Any CPU.ActiveCfg = Release|Any CPU
		{72C3DE60-AC61-46DE-AEC1-A1ED0742B2BB}.Release|Any CPU.Build.0 = Release|Any CPU
		{EC4CCE9C-E5B3-4E6A-B2A9-40B10332CEB8}.Debug|Any CPU.ActiveCfg = Debug|Any CPU
		{EC4CCE9C-E5B3-4E6A-B2A9-40B10332CEB8}.Debug|Any CPU.Build.0 = Debug|Any CPU
		{EC4CCE9C-E5B3-4E6A-B2A9-40B10332CEB8}.Release|Any CPU.ActiveCfg = Release|Any CPU
		{EC4CCE9C-E5B3-4E6A-B2A9-40B10332CEB8}.Release|Any CPU.Build.0 = Release|Any CPU
		{33933CAC-0F3C-45F3-9482-F525FFF086BF}.Debug|Any CPU.ActiveCfg = Debug|Any CPU
		{33933CAC-0F3C-45F3-9482-F525FFF086BF}.Debug|Any CPU.Build.0 = Debug|Any CPU
		{33933CAC-0F3C-45F3-9482-F525FFF086BF}.Release|Any CPU.ActiveCfg = Release|Any CPU
		{33933CAC-0F3C-45F3-9482-F525FFF086BF}.Release|Any CPU.Build.0 = Release|Any CPU
		{78C546CB-004F-4702-968F-B40E30EDCBDE}.Debug|Any CPU.ActiveCfg = Debug|Any CPU
		{78C546CB-004F-4702-968F-B40E30EDCBDE}.Debug|Any CPU.Build.0 = Debug|Any CPU
		{78C546CB-004F-4702-968F-B40E30EDCBDE}.Release|Any CPU.ActiveCfg = Release|Any CPU
		{78C546CB-004F-4702-968F-B40E30EDCBDE}.Release|Any CPU.Build.0 = Release|Any CPU
		{F286815C-53F2-4341-B3CB-EDA7FF039587}.Debug|Any CPU.ActiveCfg = Debug|Any CPU
		{F286815C-53F2-4341-B3CB-EDA7FF039587}.Debug|Any CPU.Build.0 = Debug|Any CPU
		{F286815C-53F2-4341-B3CB-EDA7FF039587}.Release|Any CPU.ActiveCfg = Release|Any CPU
		{F286815C-53F2-4341-B3CB-EDA7FF039587}.Release|Any CPU.Build.0 = Release|Any CPU
		{65102432-7490-47F4-965F-E37C51EF79C9}.Debug|Any CPU.ActiveCfg = Debug|Any CPU
		{65102432-7490-47F4-965F-E37C51EF79C9}.Debug|Any CPU.Build.0 = Debug|Any CPU
		{65102432-7490-47F4-965F-E37C51EF79C9}.Release|Any CPU.ActiveCfg = Release|Any CPU
		{65102432-7490-47F4-965F-E37C51EF79C9}.Release|Any CPU.Build.0 = Release|Any CPU
	EndGlobalSection
	GlobalSection(SolutionProperties) = preSolution
		HideSolutionNode = FALSE
	EndGlobalSection
	GlobalSection(NestedProjects) = preSolution
		{AD677D1A-AD20-423A-82F6-4313370E4EDC} = {22C334CF-A0B9-4E6C-9C0A-E5ADED74437D}
		{1B85E14F-B810-4822-B966-E3B4038BC54B} = {22C334CF-A0B9-4E6C-9C0A-E5ADED74437D}
		{254E280C-C0D5-4B07-81F0-5F000D7052F0} = {22C334CF-A0B9-4E6C-9C0A-E5ADED74437D}
		{B30208E4-FFC0-4997-A150-BAEB82897A54} = {7213C049-31F2-412E-9448-22EEBC298F73}
		{F77A8B98-4CC9-40CA-9EB7-D3F58C11CBC4} = {7213C049-31F2-412E-9448-22EEBC298F73}
		{A58D904F-8445-4F5A-A5F3-8434743900B8} = {7213C049-31F2-412E-9448-22EEBC298F73}
		{5FFB1B1E-C7B1-4B91-A975-DEBE9580DBCE} = {AFDFDDEB-570E-4A5B-B4D3-12B19E23C0B1}
		{96A1D410-C8E2-4E5C-A091-EED0614E9B04} = {AFDFDDEB-570E-4A5B-B4D3-12B19E23C0B1}
		{FF3491BF-2972-4CFC-BF26-EE73E1BA59C6} = {AFDFDDEB-570E-4A5B-B4D3-12B19E23C0B1}
		{04B10674-1C2C-41C5-B6E7-1E1E52257F60} = {DA474B97-C48C-477C-8718-B59135048796}
		{ED738AE9-7DC1-4598-A60A-8FBFDD5AE404} = {DA474B97-C48C-477C-8718-B59135048796}
		{A8EC306B-9229-4B8F-88C9-74102B5CFB5C} = {DA474B97-C48C-477C-8718-B59135048796}
		{61067DEE-9294-45D9-B4F0-E322A7B5F5D1} = {F704F6DF-71A8-4616-9FA3-F9768497093A}
		{C0C46A48-1F38-4645-85F8-6E3DDF3828C5} = {F704F6DF-71A8-4616-9FA3-F9768497093A}
		{0252FC4C-F623-4903-ACFF-318FF1D4C2C5} = {F704F6DF-71A8-4616-9FA3-F9768497093A}
		{45073053-5662-402C-A349-89E00718785A} = {AF54AD8B-79F0-4B40-8792-789703B980EA}
		{687FF03B-6CE2-44D2-9D27-FB380FD3C9B7} = {AF54AD8B-79F0-4B40-8792-789703B980EA}
		{07373A1F-569C-458A-A4FF-1CFD5D085C42} = {AF54AD8B-79F0-4B40-8792-789703B980EA}
		{72C3DE60-AC61-46DE-AEC1-A1ED0742B2BB} = {CC3338ED-12B9-451A-A921-8D0F2F58C051}
		{EC4CCE9C-E5B3-4E6A-B2A9-40B10332CEB8} = {CC3338ED-12B9-451A-A921-8D0F2F58C051}
		{33933CAC-0F3C-45F3-9482-F525FFF086BF} = {CC3338ED-12B9-451A-A921-8D0F2F58C051}
		{78C546CB-004F-4702-968F-B40E30EDCBDE} = {431C03F0-5A80-492A-BFC5-108C0BE19675}
		{F286815C-53F2-4341-B3CB-EDA7FF039587} = {431C03F0-5A80-492A-BFC5-108C0BE19675}
		{65102432-7490-47F4-965F-E37C51EF79C9} = {431C03F0-5A80-492A-BFC5-108C0BE19675}
	EndGlobalSection
	GlobalSection(ExtensibilityGlobals) = postSolution
		SolutionGuid = {6D064927-1151-4289-BD88-1086481A916F}
	EndGlobalSection
EndGlobal
